
Microsoft Visual Studio Solution File, Format Version 12.00
# Visual Studio Version 17
VisualStudioVersion = 17.1.32210.238
MinimumVisualStudioVersion = 10.0.40219.1
Project("{FAE04EC0-301F-11D3-BF4B-00C04F79EFBC}") = "symbolcheck", "symbolcheck\symbolcheck.csproj", "{05016F75-9D16-47D8-87AC-E82E9C94F308}"
EndProject
Global
	GlobalSection(SolutionConfigurationPlatforms) = preSolution
		Debug|Any CPU = Debug|Any CPU
		Release|Any CPU = Release|Any CPU
	EndGlobalSection
	GlobalSection(ProjectConfigurationPlatforms) = postSolution
		{05016F75-9D16-47D8-87AC-E82E9C94F308}.Debug|Any CPU.ActiveCfg = Debug|Any CPU
		{05016F75-9D16-47D8-87AC-E82E9C94F308}.Debug|Any CPU.Build.0 = Debug|Any CPU
		{05016F75-9D16-47D8-87AC-E82E9C94F308}.Release|Any CPU.ActiveCfg = Release|Any CPU
		{05016F75-9D16-47D8-87AC-E82E9C94F308}.Release|Any CPU.Build.0 = Release|Any CPU
	EndGlobalSection
	GlobalSection(SolutionProperties) = preSolution
		HideSolutionNode = FALSE
	EndGlobalSection
	GlobalSection(ExtensibilityGlobals) = postSolution
		SolutionGuid = {4D4DC53D-5634-4329-968D-DB4C3AA125EF}
	EndGlobalSection
EndGlobal
